
Microsoft Visual Studio Solution File, Format Version 12.00
# Visual Studio Version 16
VisualStudioVersion = 16.0.30804.86
MinimumVisualStudioVersion = 10.0.40219.1
Project("{FAE04EC0-301F-11D3-BF4B-00C04F79EFBC}") = "estrutura-condicional01", "estrutura-condicional01\estrutura-condicional01.csproj", "{BF3AA75D-166A-4B52-BAED-94B8D5F531E2}"
EndProject
Project("{FAE04EC0-301F-11D3-BF4B-00C04F79EFBC}") = "estrutura-condicional02", "estrutura-condicional02\estrutura-condicional02.csproj", "{4753428E-2864-48C3-BB36-B5AD7BECE71B}"
EndProject
Project("{FAE04EC0-301F-11D3-BF4B-00C04F79EFBC}") = "estrututa-condicional03", "estrututa-condicional03\estrututa-condicional03.csproj", "{03D47714-FAF2-4D53-B40D-85813F034ECA}"
EndProject
Project("{FAE04EC0-301F-11D3-BF4B-00C04F79EFBC}") = "estrutura-condicional04", "estrutura-condicional04\estrutura-condicional04.csproj", "{1645C129-CD7F-4EE6-9A37-7999DEDDE8ED}"
EndProject
Project("{FAE04EC0-301F-11D3-BF4B-00C04F79EFBC}") = "estrutura-condicional05", "estrutura-condicional05\estrutura-condicional05.csproj", "{917FAD1A-A1B9-4ED6-863C-AEC2AA93B9DD}"
EndProject
Global
	GlobalSection(SolutionConfigurationPlatforms) = preSolution
		Debug|Any CPU = Debug|Any CPU
		Release|Any CPU = Release|Any CPU
	EndGlobalSection
	GlobalSection(ProjectConfigurationPlatforms) = postSolution
		{BF3AA75D-166A-4B52-BAED-94B8D5F531E2}.Debug|Any CPU.ActiveCfg = Debug|Any CPU
		{BF3AA75D-166A-4B52-BAED-94B8D5F531E2}.Debug|Any CPU.Build.0 = Debug|Any CPU
		{BF3AA75D-166A-4B52-BAED-94B8D5F531E2}.Release|Any CPU.ActiveCfg = Release|Any CPU
		{BF3AA75D-166A-4B52-BAED-94B8D5F531E2}.Release|Any CPU.Build.0 = Release|Any CPU
		{4753428E-2864-48C3-BB36-B5AD7BECE71B}.Debug|Any CPU.ActiveCfg = Debug|Any CPU
		{4753428E-2864-48C3-BB36-B5AD7BECE71B}.Debug|Any CPU.Build.0 = Debug|Any CPU
		{4753428E-2864-48C3-BB36-B5AD7BECE71B}.Release|Any CPU.ActiveCfg = Release|Any CPU
		{4753428E-2864-48C3-BB36-B5AD7BECE71B}.Release|Any CPU.Build.0 = Release|Any CPU
		{03D47714-FAF2-4D53-B40D-85813F034ECA}.Debug|Any CPU.ActiveCfg = Debug|Any CPU
		{03D47714-FAF2-4D53-B40D-85813F034ECA}.Debug|Any CPU.Build.0 = Debug|Any CPU
		{03D47714-FAF2-4D53-B40D-85813F034ECA}.Release|Any CPU.ActiveCfg = Release|Any CPU
		{03D47714-FAF2-4D53-B40D-85813F034ECA}.Release|Any CPU.Build.0 = Release|Any CPU
		{1645C129-CD7F-4EE6-9A37-7999DEDDE8ED}.Debug|Any CPU.ActiveCfg = Debug|Any CPU
		{1645C129-CD7F-4EE6-9A37-7999DEDDE8ED}.Debug|Any CPU.Build.0 = Debug|Any CPU
		{1645C129-CD7F-4EE6-9A37-7999DEDDE8ED}.Release|Any CPU.ActiveCfg = Release|Any CPU
		{1645C129-CD7F-4EE6-9A37-7999DEDDE8ED}.Release|Any CPU.Build.0 = Release|Any CPU
		{917FAD1A-A1B9-4ED6-863C-AEC2AA93B9DD}.Debug|Any CPU.ActiveCfg = Debug|Any CPU
		{917FAD1A-A1B9-4ED6-863C-AEC2AA93B9DD}.Debug|Any CPU.Build.0 = Debug|Any CPU
		{917FAD1A-A1B9-4ED6-863C-AEC2AA93B9DD}.Release|Any CPU.ActiveCfg = Release|Any CPU
		{917FAD1A-A1B9-4ED6-863C-AEC2AA93B9DD}.Release|Any CPU.Build.0 = Release|Any CPU
	EndGlobalSection
	GlobalSection(SolutionProperties) = preSolution
		HideSolutionNode = FALSE
	EndGlobalSection
	GlobalSection(ExtensibilityGlobals) = postSolution
		SolutionGuid = {C9AA94CB-A357-432B-B806-2FBC0CECC1F9}
	EndGlobalSection
EndGlobal
